
Microsoft Visual Studio Solution File, Format Version 12.00
# Visual Studio Version 16
VisualStudioVersion = 16.0.30907.101
MinimumVisualStudioVersion = 10.0.40219.1
Project("{FAE04EC0-301F-11D3-BF4B-00C04F79EFBC}") = "ข้อ4", "ข้อ4\ข้อ4.csproj", "{128187AE-7D51-4B68-B65D-A817003A038A}"
EndProject
Global
	GlobalSection(SolutionConfigurationPlatforms) = preSolution
		Debug|Any CPU = Debug|Any CPU
		Release|Any CPU = Release|Any CPU
	EndGlobalSection
	GlobalSection(ProjectConfigurationPlatforms) = postSolution
		{128187AE-7D51-4B68-B65D-A817003A038A}.Debug|Any CPU.ActiveCfg = Debug|Any CPU
		{128187AE-7D51-4B68-B65D-A817003A038A}.Debug|Any CPU.Build.0 = Debug|Any CPU
		{128187AE-7D51-4B68-B65D-A817003A038A}.Release|Any CPU.ActiveCfg = Release|Any CPU
		{128187AE-7D51-4B68-B65D-A817003A038A}.Release|Any CPU.Build.0 = Release|Any CPU
	EndGlobalSection
	GlobalSection(SolutionProperties) = preSolution
		HideSolutionNode = FALSE
	EndGlobalSection
	GlobalSection(ExtensibilityGlobals) = postSolution
		SolutionGuid = {4803446D-512F-4DC4-8B47-9CB0FB9A5D0E}
	EndGlobalSection
EndGlobal
